
Microsoft Visual Studio Solution File, Format Version 12.00
# Visual Studio Version 16
VisualStudioVersion = 16.0.30309.148
MinimumVisualStudioVersion = 10.0.40219.1
Project("{8BC9CEB8-8B4A-11D0-8D11-00A0C91BC942}") = "C++", "C++\C++.vcxproj", "{58C96A34-FA44-4715-B80A-7A207C3A9C98}"
EndProject
Project("{FAE04EC0-301F-11D3-BF4B-00C04F79EFBC}") = "CSharp", "CSharp\CSharp.csproj", "{6B0FDD55-2A17-4B03-BBE3-E322175DF8C8}"
EndProject
Global
	GlobalSection(SolutionConfigurationPlatforms) = preSolution
		Debug|Any CPU = Debug|Any CPU
		Debug|x64 = Debug|x64
		Debug|x86 = Debug|x86
		Release|Any CPU = Release|Any CPU
		Release|x64 = Release|x64
		Release|x86 = Release|x86
	EndGlobalSection
	GlobalSection(ProjectConfigurationPlatforms) = postSolution
		{58C96A34-FA44-4715-B80A-7A207C3A9C98}.Debug|Any CPU.ActiveCfg = Debug|Win32
		{58C96A34-FA44-4715-B80A-7A207C3A9C98}.Debug|x64.ActiveCfg = Debug|x64
		{58C96A34-FA44-4715-B80A-7A207C3A9C98}.Debug|x64.Build.0 = Debug|x64
		{58C96A34-FA44-4715-B80A-7A207C3A9C98}.Debug|x86.ActiveCfg = Debug|Win32
		{58C96A34-FA44-4715-B80A-7A207C3A9C98}.Debug|x86.Build.0 = Debug|Win32
		{58C96A34-FA44-4715-B80A-7A207C3A9C98}.Release|Any CPU.ActiveCfg = Release|Win32
		{58C96A34-FA44-4715-B80A-7A207C3A9C98}.Release|x64.ActiveCfg = Release|x64
		{58C96A34-FA44-4715-B80A-7A207C3A9C98}.Release|x64.Build.0 = Release|x64
		{58C96A34-FA44-4715-B80A-7A207C3A9C98}.Release|x86.ActiveCfg = Release|Win32
		{58C96A34-FA44-4715-B80A-7A207C3A9C98}.Release|x86.Build.0 = Release|Win32
		{6B0FDD55-2A17-4B03-BBE3-E322175DF8C8}.Debug|Any CPU.ActiveCfg = Debug|Any CPU
		{6B0FDD55-2A17-4B03-BBE3-E322175DF8C8}.Debug|Any CPU.Build.0 = Debug|Any CPU
		{6B0FDD55-2A17-4B03-BBE3-E322175DF8C8}.Debug|x64.ActiveCfg = Debug|Any CPU
		{6B0FDD55-2A17-4B03-BBE3-E322175DF8C8}.Debug|x64.Build.0 = Debug|Any CPU
		{6B0FDD55-2A17-4B03-BBE3-E322175DF8C8}.Debug|x86.ActiveCfg = Debug|Any CPU
		{6B0FDD55-2A17-4B03-BBE3-E322175DF8C8}.Debug|x86.Build.0 = Debug|Any CPU
		{6B0FDD55-2A17-4B03-BBE3-E322175DF8C8}.Release|Any CPU.ActiveCfg = Release|Any CPU
		{6B0FDD55-2A17-4B03-BBE3-E322175DF8C8}.Release|Any CPU.Build.0 = Release|Any CPU
		{6B0FDD55-2A17-4B03-BBE3-E322175DF8C8}.Release|x64.ActiveCfg = Release|Any CPU
		{6B0FDD55-2A17-4B03-BBE3-E322175DF8C8}.Release|x64.Build.0 = Release|Any CPU
		{6B0FDD55-2A17-4B03-BBE3-E322175DF8C8}.Release|x86.ActiveCfg = Release|Any CPU
		{6B0FDD55-2A17-4B03-BBE3-E322175DF8C8}.Release|x86.Build.0 = Release|Any CPU
	EndGlobalSection
	GlobalSection(SolutionProperties) = preSolution
		HideSolutionNode = FALSE
	EndGlobalSection
	GlobalSection(ExtensibilityGlobals) = postSolution
		SolutionGuid = {C8FB74A8-8FE8-466A-8D6D-A6A2AA6C16D3}
	EndGlobalSection
EndGlobal
